
Microsoft Visual Studio Solution File, Format Version 12.00
# Visual Studio Version 17
VisualStudioVersion = 17.6.33723.286
MinimumVisualStudioVersion = 10.0.40219.1
Project("{2150E333-8FDC-42A3-9474-1A3956D46DE8}") = "src", "src", "{D58658CB-D131-460F-AB92-F37D00D8A885}"
EndProject
Project("{9A19103F-16F7-4668-BE54-9A1E7A4F7556}") = "Gatherly.Application", "src\Gatherly.Application\Gatherly.Application.csproj", "{56DFF907-7264-4E4F-8C54-A141D5357D45}"
EndProject
Project("{9A19103F-16F7-4668-BE54-9A1E7A4F7556}") = "Gatherly.Domain", "src\Gatherly.Domain\Gatherly.Domain.csproj", "{8B99249D-61E0-4DA2-B365-1EEF9C92E63E}"
EndProject
Project("{9A19103F-16F7-4668-BE54-9A1E7A4F7556}") = "Gatherly.Infrastructure", "src\Gatherly.Infrastructure\Gatherly.Infrastructure.csproj", "{088B259D-6D7E-4A28-873C-56253E75E9E6}"
EndProject
Project("{9A19103F-16F7-4668-BE54-9A1E7A4F7556}") = "Gatherly.Persistence", "src\Gatherly.Persistence\Gatherly.Persistence.csproj", "{91C10653-CC0C-45E0-AB52-F32D00440122}"
EndProject
Project("{9A19103F-16F7-4668-BE54-9A1E7A4F7556}") = "Gatherly.Presentation", "src\Gatherly.Presentation\Gatherly.Presentation.csproj", "{5523E34A-EDD7-43FD-9BDC-EF60567DB117}"
EndProject
Project("{9A19103F-16F7-4668-BE54-9A1E7A4F7556}") = "Gatherly.App", "src\Gatherly.App\Gatherly.App.csproj", "{C47AB47B-3477-4DA7-877E-62791FCCB7C4}"
EndProject
Project("{2150E333-8FDC-42A3-9474-1A3956D46DE8}") = "test", "test", "{5056EDB1-BB46-4E79-B37B-CE81F495D270}"
EndProject
Project("{9A19103F-16F7-4668-BE54-9A1E7A4F7556}") = "Gatherly.Application.UnitTests", "test\Gatherly.Application.UnitTests\Gatherly.Application.UnitTests.csproj", "{AF322A81-5021-4110-AAEC-1AA18B3D2376}"
EndProject
Project("{2150E333-8FDC-42A3-9474-1A3956D46DE8}") = "Solution Items", "Solution Items", "{28CC7568-5219-437B-B09E-D6DE17D0B75F}"
EndProject
Global
	GlobalSection(SolutionConfigurationPlatforms) = preSolution
		Debug|Any CPU = Debug|Any CPU
		Release|Any CPU = Release|Any CPU
	EndGlobalSection
	GlobalSection(ProjectConfigurationPlatforms) = postSolution
		{56DFF907-7264-4E4F-8C54-A141D5357D45}.Debug|Any CPU.ActiveCfg = Debug|Any CPU
		{56DFF907-7264-4E4F-8C54-A141D5357D45}.Debug|Any CPU.Build.0 = Debug|Any CPU
		{56DFF907-7264-4E4F-8C54-A141D5357D45}.Release|Any CPU.ActiveCfg = Release|Any CPU
		{56DFF907-7264-4E4F-8C54-A141D5357D45}.Release|Any CPU.Build.0 = Release|Any CPU
		{8B99249D-61E0-4DA2-B365-1EEF9C92E63E}.Debug|Any CPU.ActiveCfg = Debug|Any CPU
		{8B99249D-61E0-4DA2-B365-1EEF9C92E63E}.Debug|Any CPU.Build.0 = Debug|Any CPU
		{8B99249D-61E0-4DA2-B365-1EEF9C92E63E}.Release|Any CPU.ActiveCfg = Release|Any CPU
		{8B99249D-61E0-4DA2-B365-1EEF9C92E63E}.Release|Any CPU.Build.0 = Release|Any CPU
		{088B259D-6D7E-4A28-873C-56253E75E9E6}.Debug|Any CPU.ActiveCfg = Debug|Any CPU
		{088B259D-6D7E-4A28-873C-56253E75E9E6}.Debug|Any CPU.Build.0 = Debug|Any CPU
		{088B259D-6D7E-4A28-873C-56253E75E9E6}.Release|Any CPU.ActiveCfg = Release|Any CPU
		{088B259D-6D7E-4A28-873C-56253E75E9E6}.Release|Any CPU.Build.0 = Release|Any CPU
		{91C10653-CC0C-45E0-AB52-F32D00440122}.Debug|Any CPU.ActiveCfg = Debug|Any CPU
		{91C10653-CC0C-45E0-AB52-F32D00440122}.Debug|Any CPU.Build.0 = Debug|Any CPU
		{91C10653-CC0C-45E0-AB52-F32D00440122}.Release|Any CPU.ActiveCfg = Release|Any CPU
		{91C10653-CC0C-45E0-AB52-F32D00440122}.Release|Any CPU.Build.0 = Release|Any CPU
		{5523E34A-EDD7-43FD-9BDC-EF60567DB117}.Debug|Any CPU.ActiveCfg = Debug|Any CPU
		{5523E34A-EDD7-43FD-9BDC-EF60567DB117}.Debug|Any CPU.Build.0 = Debug|Any CPU
		{5523E34A-EDD7-43FD-9BDC-EF60567DB117}.Release|Any CPU.ActiveCfg = Release|Any CPU
		{5523E34A-EDD7-43FD-9BDC-EF60567DB117}.Release|Any CPU.Build.0 = Release|Any CPU
		{C47AB47B-3477-4DA7-877E-62791FCCB7C4}.Debug|Any CPU.ActiveCfg = Debug|Any CPU
		{C47AB47B-3477-4DA7-877E-62791FCCB7C4}.Debug|Any CPU.Build.0 = Debug|Any CPU
		{C47AB47B-3477-4DA7-877E-62791FCCB7C4}.Release|Any CPU.ActiveCfg = Release|Any CPU
		{C47AB47B-3477-4DA7-877E-62791FCCB7C4}.Release|Any CPU.Build.0 = Release|Any CPU
		{AF322A81-5021-4110-AAEC-1AA18B3D2376}.Debug|Any CPU.ActiveCfg = Debug|Any CPU
		{AF322A81-5021-4110-AAEC-1AA18B3D2376}.Debug|Any CPU.Build.0 = Debug|Any CPU
		{AF322A81-5021-4110-AAEC-1AA18B3D2376}.Release|Any CPU.ActiveCfg = Release|Any CPU
		{AF322A81-5021-4110-AAEC-1AA18B3D2376}.Release|Any CPU.Build.0 = Release|Any CPU
	EndGlobalSection
	GlobalSection(SolutionProperties) = preSolution
		HideSolutionNode = FALSE
	EndGlobalSection
	GlobalSection(NestedProjects) = preSolution
		{56DFF907-7264-4E4F-8C54-A141D5357D45} = {D58658CB-D131-460F-AB92-F37D00D8A885}
		{8B99249D-61E0-4DA2-B365-1EEF9C92E63E} = {D58658CB-D131-460F-AB92-F37D00D8A885}
		{088B259D-6D7E-4A28-873C-56253E75E9E6} = {D58658CB-D131-460F-AB92-F37D00D8A885}
		{91C10653-CC0C-45E0-AB52-F32D00440122} = {D58658CB-D131-460F-AB92-F37D00D8A885}
		{5523E34A-EDD7-43FD-9BDC-EF60567DB117} = {D58658CB-D131-460F-AB92-F37D00D8A885}
		{C47AB47B-3477-4DA7-877E-62791FCCB7C4} = {D58658CB-D131-460F-AB92-F37D00D8A885}
		{AF322A81-5021-4110-AAEC-1AA18B3D2376} = {5056EDB1-BB46-4E79-B37B-CE81F495D270}
	EndGlobalSection
	GlobalSection(ExtensibilityGlobals) = postSolution
		SolutionGuid = {8547605F-2DDA-412F-A46F-E43A71F2EF99}
	EndGlobalSection
EndGlobal
